// !$*UTF8*$!
{
	archiveVersion = 1;
	classes = {
	};
	objectVersion = 50;
	objects = {

/* Begin PBXBuildFile section */
		757B79EA24DB4A68007E8651 /* AppDelegate.swift in Sources */ = {isa = PBXBuildFile; fileRef = 757B79E924DB4A68007E8651 /* AppDelegate.swift */; };
		757B79EC24DB4A68007E8651 /* SceneDelegate.swift in Sources */ = {isa = PBXBuildFile; fileRef = 757B79EB24DB4A68007E8651 /* SceneDelegate.swift */; };
		757B79F124DB4A68007E8651 /* Main.storyboard in Resources */ = {isa = PBXBuildFile; fileRef = 757B79EF24DB4A68007E8651 /* Main.storyboard */; };
		757B79F324DB4A6A007E8651 /* Assets.xcassets in Resources */ = {isa = PBXBuildFile; fileRef = 757B79F224DB4A6A007E8651 /* Assets.xcassets */; };
		757B79F624DB4A6A007E8651 /* LaunchScreen.storyboard in Resources */ = {isa = PBXBuildFile; fileRef = 757B79F424DB4A6A007E8651 /* LaunchScreen.storyboard */; };
		757B7A0124DB50F4007E8651 /* Movie.swift in Sources */ = {isa = PBXBuildFile; fileRef = 757B7A0024DB50F4007E8651 /* Movie.swift */; };
		757B7A0624DB523E007E8651 /* MovieController.swift in Sources */ = {isa = PBXBuildFile; fileRef = 757B7A0524DB523E007E8651 /* MovieController.swift */; };
		757B7A0824DB5297007E8651 /* MovieError.swift in Sources */ = {isa = PBXBuildFile; fileRef = 757B7A0724DB5297007E8651 /* MovieError.swift */; };
		757B7A0A24DB6047007E8651 /* MovieViewController.swift in Sources */ = {isa = PBXBuildFile; fileRef = 757B7A0924DB6047007E8651 /* MovieViewController.swift */; };
/* End PBXBuildFile section */

/* Begin PBXFileReference section */
		757B79E624DB4A68007E8651 /* OMDB35.app */ = {isa = PBXFileReference; explicitFileType = wrapper.application; includeInIndex = 0; path = OMDB35.app; sourceTree = BUILT_PRODUCTS_DIR; };
		757B79E924DB4A68007E8651 /* AppDelegate.swift */ = {isa = PBXFileReference; lastKnownFileType = sourcecode.swift; path = AppDelegate.swift; sourceTree = "<group>"; };
		757B79EB24DB4A68007E8651 /* SceneDelegate.swift */ = {isa = PBXFileReference; lastKnownFileType = sourcecode.swift; path = SceneDelegate.swift; sourceTree = "<group>"; };
		757B79F024DB4A68007E8651 /* Base */ = {isa = PBXFileReference; lastKnownFileType = file.storyboard; name = Base; path = Base.lproj/Main.storyboard; sourceTree = "<group>"; };
		757B79F224DB4A6A007E8651 /* Assets.xcassets */ = {isa = PBXFileReference; lastKnownFileType = folder.assetcatalog; path = Assets.xcassets; sourceTree = "<group>"; };
		757B79F524DB4A6A007E8651 /* Base */ = {isa = PBXFileReference; lastKnownFileType = file.storyboard; name = Base; path = Base.lproj/LaunchScreen.storyboard; sourceTree = "<group>"; };
		757B79F724DB4A6A007E8651 /* Info.plist */ = {isa = PBXFileReference; lastKnownFileType = text.plist.xml; path = Info.plist; sourceTree = "<group>"; };
		757B7A0024DB50F4007E8651 /* Movie.swift */ = {isa = PBXFileReference; lastKnownFileType = sourcecode.swift; path = Movie.swift; sourceTree = "<group>"; };
		757B7A0524DB523E007E8651 /* MovieController.swift */ = {isa = PBXFileReference; lastKnownFileType = sourcecode.swift; path = MovieController.swift; sourceTree = "<group>"; };
		757B7A0724DB5297007E8651 /* MovieError.swift */ = {isa = PBXFileReference; lastKnownFileType = sourcecode.swift; path = MovieError.swift; sourceTree = "<group>"; };
		757B7A0924DB6047007E8651 /* MovieViewController.swift */ = {isa = PBXFileReference; lastKnownFileType = sourcecode.swift; path = MovieViewController.swift; sourceTree = "<group>"; };
/* End PBXFileReference section */

/* Begin PBXFrameworksBuildPhase section */
		757B79E324DB4A68007E8651 /* Frameworks */ = {
			isa = PBXFrameworksBuildPhase;
			buildActionMask = 2147483647;
			files = (
			);
			runOnlyForDeploymentPostprocessing = 0;
		};
/* End PBXFrameworksBuildPhase section */

/* Begin PBXGroup section */
		757B79DD24DB4A68007E8651 = {
			isa = PBXGroup;
			children = (
				757B79E824DB4A68007E8651 /* OMDB35 */,
				757B79E724DB4A68007E8651 /* Products */,
			);
			sourceTree = "<group>";
		};
		757B79E724DB4A68007E8651 /* Products */ = {
			isa = PBXGroup;
			children = (
				757B79E624DB4A68007E8651 /* OMDB35.app */,
			);
			name = Products;
			sourceTree = "<group>";
		};
		757B79E824DB4A68007E8651 /* OMDB35 */ = {
			isa = PBXGroup;
			children = (
				757B79EF24DB4A68007E8651 /* Main.storyboard */,
				757B7A0424DB5222007E8651 /* Helpers&Extensions */,
				757B79FF24DB4D29007E8651 /* Controllers */,
				757B79FE24DB4D26007E8651 /* Model */,
				757B79FD24DB4AB8007E8651 /* Resources */,
			);
			path = OMDB35;
			sourceTree = "<group>";
		};
		757B79FD24DB4AB8007E8651 /* Resources */ = {
			isa = PBXGroup;
			children = (
				757B79E924DB4A68007E8651 /* AppDelegate.swift */,
				757B79EB24DB4A68007E8651 /* SceneDelegate.swift */,
				757B79F224DB4A6A007E8651 /* Assets.xcassets */,
				757B79F424DB4A6A007E8651 /* LaunchScreen.storyboard */,
				757B79F724DB4A6A007E8651 /* Info.plist */,
			);
			path = Resources;
			sourceTree = "<group>";
		};
		757B79FE24DB4D26007E8651 /* Model */ = {
			isa = PBXGroup;
			children = (
				757B7A0024DB50F4007E8651 /* Movie.swift */,
			);
			path = Model;
			sourceTree = "<group>";
		};
		757B79FF24DB4D29007E8651 /* Controllers */ = {
			isa = PBXGroup;
			children = (
				757B7A0324DB5216007E8651 /* ViewController */,
				757B7A0224DB520E007E8651 /* ModelController */,
			);
			path = Controllers;
			sourceTree = "<group>";
		};
		757B7A0224DB520E007E8651 /* ModelController */ = {
			isa = PBXGroup;
			children = (
				757B7A0524DB523E007E8651 /* MovieController.swift */,
			);
			path = ModelController;
			sourceTree = "<group>";
		};
		757B7A0324DB5216007E8651 /* ViewController */ = {
			isa = PBXGroup;
			children = (
				757B7A0924DB6047007E8651 /* MovieViewController.swift */,
			);
			path = ViewController;
			sourceTree = "<group>";
		};
		757B7A0424DB5222007E8651 /* Helpers&Extensions */ = {
			isa = PBXGroup;
			children = (
				757B7A0724DB5297007E8651 /* MovieError.swift */,
			);
			path = "Helpers&Extensions";
			sourceTree = "<group>";
		};
/* End PBXGroup section */

/* Begin PBXNativeTarget section */
		757B79E524DB4A68007E8651 /* OMDB35 */ = {
			isa = PBXNativeTarget;
			buildConfigurationList = 757B79FA24DB4A6A007E8651 /* Build configuration list for PBXNativeTarget "OMDB35" */;
			buildPhases = (
				757B79E224DB4A68007E8651 /* Sources */,
				757B79E324DB4A68007E8651 /* Frameworks */,
				757B79E424DB4A68007E8651 /* Resources */,
			);
			buildRules = (
			);
			dependencies = (
			);
			name = OMDB35;
			productName = OMDB35;
			productReference = 757B79E624DB4A68007E8651 /* OMDB35.app */;
			productType = "com.apple.product-type.application";
		};
/* End PBXNativeTarget section */

/* Begin PBXProject section */
		757B79DE24DB4A68007E8651 /* Project object */ = {
			isa = PBXProject;
			attributes = {
				LastSwiftUpdateCheck = 1160;
				LastUpgradeCheck = 1160;
				ORGANIZATIONNAME = "Colton Swapp";
				TargetAttributes = {
					757B79E524DB4A68007E8651 = {
						CreatedOnToolsVersion = 11.6;
					};
				};
			};
			buildConfigurationList = 757B79E124DB4A68007E8651 /* Build configuration list for PBXProject "OMDB35" */;
			compatibilityVersion = "Xcode 9.3";
			developmentRegion = en;
			hasScannedForEncodings = 0;
			knownRegions = (
				en,
				Base,
			);
			mainGroup = 757B79DD24DB4A68007E8651;
			productRefGroup = 757B79E724DB4A68007E8651 /* Products */;
			projectDirPath = "";
			projectRoot = "";
			targets = (
				757B79E524DB4A68007E8651 /* OMDB35 */,
			);
		};
/* End PBXProject section */

/* Begin PBXResourcesBuildPhase section */
		757B79E424DB4A68007E8651 /* Resources */ = {
			isa = PBXResourcesBuildPhase;
			buildActionMask = 2147483647;
			files = (
				757B79F624DB4A6A007E8651 /* LaunchScreen.storyboard in Resources */,
				757B79F324DB4A6A007E8651 /* Assets.xcassets in Resources */,
				757B79F124DB4A68007E8651 /* Main.storyboard in Resources */,
			);
			runOnlyForDeploymentPostprocessing = 0;
		};
/* End PBXResourcesBuildPhase section */

/* Begin PBXSourcesBuildPhase section */
		757B79E224DB4A68007E8651 /* Sources */ = {
			isa = PBXSourcesBuildPhase;
			buildActionMask = 2147483647;
			files = (
				757B7A0624DB523E007E8651 /* MovieController.swift in Sources */,
				757B79EA24DB4A68007E8651 /* AppDelegate.swift in Sources */,
				757B7A0124DB50F4007E8651 /* Movie.swift in Sources */,
				757B79EC24DB4A68007E8651 /* SceneDelegate.swift in Sources */,
				757B7A0824DB5297007E8651 /* MovieError.swift in Sources */,
				757B7A0A24DB6047007E8651 /* MovieViewController.swift in Sources */,
			);
			runOnlyForDeploymentPostprocessing = 0;
		};
/* End PBXSourcesBuildPhase section */

/* Begin PBXVariantGroup section */
		757B79EF24DB4A68007E8651 /* Main.storyboard */ = {
			isa = PBXVariantGroup;
			children = (
				757B79F024DB4A68007E8651 /* Base */,
			);
			name = Main.storyboard;
			sourceTree = "<group>";
		};
		757B79F424DB4A6A007E8651 /* LaunchScreen.storyboard */ = {
			isa = PBXVariantGroup;
			children = (
				757B79F524DB4A6A007E8651 /* Base */,
			);
			name = LaunchScreen.storyboard;
			sourceTree = "<group>";
		};
/* End PBXVariantGroup section */

/* Begin XCBuildConfiguration section */
		757B79F824DB4A6A007E8651 /* Debug */ = {
			isa = XCBuildConfiguration;
			buildSettings = {
				ALWAYS_SEARCH_USER_PATHS = NO;
				CLANG_ANALYZER_NONNULL = YES;
				CLANG_ANALYZER_NUMBER_OBJECT_CONVERSION = YES_AGGRESSIVE;
				CLANG_CXX_LANGUAGE_STANDARD = "gnu++14";
				CLANG_CXX_LIBRARY = "libc++";
				CLANG_ENABLE_MODULES = YES;
				CLANG_ENABLE_OBJC_ARC = YES;
				CLANG_ENABLE_OBJC_WEAK = YES;
				CLANG_WARN_BLOCK_CAPTURE_AUTORELEASING = YES;
				CLANG_WARN_BOOL_CONVERSION = YES;
				CLANG_WARN_COMMA = YES;
				CLANG_WARN_CONSTANT_CONVERSION = YES;
				CLANG_WARN_DEPRECATED_OBJC_IMPLEMENTATIONS = YES;
				CLANG_WARN_DIRECT_OBJC_ISA_USAGE = YES_ERROR;
				CLANG_WARN_DOCUMENTATION_COMMENTS = YES;
				CLANG_WARN_EMPTY_BODY = YES;
				CLANG_WARN_ENUM_CONVERSION = YES;
				CLANG_WARN_INFINITE_RECURSION = YES;
				CLANG_WARN_INT_CONVERSION = YES;
				CLANG_WARN_NON_LITERAL_NULL_CONVERSION = YES;
				CLANG_WARN_OBJC_IMPLICIT_RETAIN_SELF = YES;
				CLANG_WARN_OBJC_LITERAL_CONVERSION = YES;
				CLANG_WARN_OBJC_ROOT_CLASS = YES_ERROR;
				CLANG_WARN_RANGE_LOOP_ANALYSIS = YES;
				CLANG_WARN_STRICT_PROTOTYPES = YES;
				CLANG_WARN_SUSPICIOUS_MOVE = YES;
				CLANG_WARN_UNGUARDED_AVAILABILITY = YES_AGGRESSIVE;
				CLANG_WARN_UNREACHABLE_CODE = YES;
				CLANG_WARN__DUPLICATE_METHOD_MATCH = YES;
				COPY_PHASE_STRIP = NO;
				DEBUG_INFORMATION_FORMAT = dwarf;
				ENABLE_STRICT_OBJC_MSGSEND = YES;
				ENABLE_TESTABILITY = YES;
				GCC_C_LANGUAGE_STANDARD = gnu11;
				GCC_DYNAMIC_NO_PIC = NO;
				GCC_NO_COMMON_BLOCKS = YES;
				GCC_OPTIMIZATION_LEVEL = 0;
				GCC_PREPROCESSOR_DEFINITIONS = (
					"DEBUG=1",
					"$(inherited)",
				);
				GCC_WARN_64_TO_32_BIT_CONVERSION = YES;
				GCC_WARN_ABOUT_RETURN_TYPE = YES_ERROR;
				GCC_WARN_UNDECLARED_SELECTOR = YES;
				GCC_WARN_UNINITIALIZED_AUTOS = YES_AGGRESSIVE;
				GCC_WARN_UNUSED_FUNCTION = YES;
				GCC_WARN_UNUSED_VARIABLE = YES;
				IPHONEOS_DEPLOYMENT_TARGET = 13.6;
				MTL_ENABLE_DEBUG_INFO = INCLUDE_SOURCE;
				MTL_FAST_MATH = YES;
				ONLY_ACTIVE_ARCH = YES;
				SDKROOT = iphoneos;
				SWIFT_ACTIVE_COMPILATION_CONDITIONS = DEBUG;
				SWIFT_OPTIMIZATION_LEVEL = "-Onone";
			};
			name = Debug;
		};
		757B79F924DB4A6A007E8651 /* Release */ = {
			isa = XCBuildConfiguration;
			buildSettings = {
				ALWAYS_SEARCH_USER_PATHS = NO;
				CLANG_ANALYZER_NONNULL = YES;
				CLANG_ANALYZER_NUMBER_OBJECT_CONVERSION = YES_AGGRESSIVE;
				CLANG_CXX_LANGUAGE_STANDARD = "gnu++14";
				CLANG_CXX_LIBRARY = "libc++";
				CLANG_ENABLE_MODULES = YES;
				CLANG_ENABLE_OBJC_ARC = YES;
				CLANG_ENABLE_OBJC_WEAK = YES;
				CLANG_WARN_BLOCK_CAPTURE_AUTORELEASING = YES;
				CLANG_WARN_BOOL_CONVERSION = YES;
				CLANG_WARN_COMMA = YES;
				CLANG_WARN_CONSTANT_CONVERSION = YES;
				CLANG_WARN_DEPRECATED_OBJC_IMPLEMENTATIONS = YES;
				CLANG_WARN_DIRECT_OBJC_ISA_USAGE = YES_ERROR;
				CLANG_WARN_DOCUMENTATION_COMMENTS = YES;
				CLANG_WARN_EMPTY_BODY = YES;
				CLANG_WARN_ENUM_CONVERSION = YES;
				CLANG_WARN_INFINITE_RECURSION = YES;
				CLANG_WARN_INT_CONVERSION = YES;
				CLANG_WARN_NON_LITERAL_NULL_CONVERSION = YES;
				CLANG_WARN_OBJC_IMPLICIT_RETAIN_SELF = YES;
				CLANG_WARN_OBJC_LITERAL_CONVERSION = YES;
				CLANG_WARN_OBJC_ROOT_CLASS = YES_ERROR;
				CLANG_WARN_RANGE_LOOP_ANALYSIS = YES;
				CLANG_WARN_STRICT_PROTOTYPES = YES;
				CLANG_WARN_SUSPICIOUS_MOVE = YES;
				CLANG_WARN_UNGUARDED_AVAILABILITY = YES_AGGRESSIVE;
				CLANG_WARN_UNREACHABLE_CODE = YES;
				CLANG_WARN__DUPLICATE_METHOD_MATCH = YES;
				COPY_PHASE_STRIP = NO;
				DEBUG_INFORMATION_FORMAT = "dwarf-with-dsym";
				ENABLE_NS_ASSERTIONS = NO;
				ENABLE_STRICT_OBJC_MSGSEND = YES;
				GCC_C_LANGUAGE_STANDARD = gnu11;
				GCC_NO_COMMON_BLOCKS = YES;
				GCC_WARN_64_TO_32_BIT_CONVERSION = YES;
				GCC_WARN_ABOUT_RETURN_TYPE = YES_ERROR;
				GCC_WARN_UNDECLARED_SELECTOR = YES;
				GCC_WARN_UNINITIALIZED_AUTOS = YES_AGGRESSIVE;
				GCC_WARN_UNUSED_FUNCTION = YES;
				GCC_WARN_UNUSED_VARIABLE = YES;
				IPHONEOS_DEPLOYMENT_TARGET = 13.6;
				MTL_ENABLE_DEBUG_INFO = NO;
				MTL_FAST_MATH = YES;
				SDKROOT = iphoneos;
				SWIFT_COMPILATION_MODE = wholemodule;
				SWIFT_OPTIMIZATION_LEVEL = "-O";
				VALIDATE_PRODUCT = YES;
			};
			name = Release;
		};
		757B79FB24DB4A6A007E8651 /* Debug */ = {
			isa = XCBuildConfiguration;
			buildSettings = {
				ASSETCATALOG_COMPILER_APPICON_NAME = AppIcon;
				CODE_SIGN_STYLE = Automatic;
				DEVELOPMENT_TEAM = JW8ZF569KC;
				INFOPLIST_FILE = OMDB35/Resources/Info.plist;
				LD_RUNPATH_SEARCH_PATHS = (
					"$(inherited)",
					"@executable_path/Frameworks",
				);
				PRODUCT_BUNDLE_IDENTIFIER = com.SwappDev.OMDB35;
				PRODUCT_NAME = "$(TARGET_NAME)";
				SWIFT_VERSION = 5.0;
				TARGETED_DEVICE_FAMILY = "1,2";
			};
			name = Debug;
		};
		757B79FC24DB4A6A007E8651 /* Release */ = {
			isa = XCBuildConfiguration;
			buildSettings = {
				ASSETCATALOG_COMPILER_APPICON_NAME = AppIcon;
				CODE_SIGN_STYLE = Automatic;
				DEVELOPMENT_TEAM = JW8ZF569KC;
				INFOPLIST_FILE = OMDB35/Resources/Info.plist;
				LD_RUNPATH_SEARCH_PATHS = (
					"$(inherited)",
					"@executable_path/Frameworks",
				);
				PRODUCT_BUNDLE_IDENTIFIER = com.SwappDev.OMDB35;
				PRODUCT_NAME = "$(TARGET_NAME)";
				SWIFT_VERSION = 5.0;
				TARGETED_DEVICE_FAMILY = "1,2";
			};
			name = Release;
		};
/* End XCBuildConfiguration section */

/* Begin XCConfigurationList section */
		757B79E124DB4A68007E8651 /* Build configuration list for PBXProject "OMDB35" */ = {
			isa = XCConfigurationList;
			buildConfigurations = (
				757B79F824DB4A6A007E8651 /* Debug */,
				757B79F924DB4A6A007E8651 /* Release */,
			);
			defaultConfigurationIsVisible = 0;
			defaultConfigurationName = Release;
		};
		757B79FA24DB4A6A007E8651 /* Build configuration list for PBXNativeTarget "OMDB35" */ = {
			isa = XCConfigurationList;
			buildConfigurations = (
				757B79FB24DB4A6A007E8651 /* Debug */,
				757B79FC24DB4A6A007E8651 /* Release */,
			);
			defaultConfigurationIsVisible = 0;
			defaultConfigurationName = Release;
		};
/* End XCConfigurationList section */
	};
	rootObject = 757B79DE24DB4A68007E8651 /* Project object */;
}
